
Microsoft Visual Studio Solution File, Format Version 12.00
# Visual Studio Version 16
VisualStudioVersion = 16.0.30523.141
MinimumVisualStudioVersion = 10.0.40219.1
Project("{FAE04EC0-301F-11D3-BF4B-00C04F79EFBC}") = "Facebook lIkes 31st Oct 2020 Chapter 6 Question 1", "Facebook lIkes 31st Oct 2020 Chapter 6 Question 1.csproj", "{1B9986DA-DF61-4107-8050-194BE828937A}"
EndProject
Global
	GlobalSection(SolutionConfigurationPlatforms) = preSolution
		Debug|Any CPU = Debug|Any CPU
		Release|Any CPU = Release|Any CPU
	EndGlobalSection
	GlobalSection(ProjectConfigurationPlatforms) = postSolution
		{1B9986DA-DF61-4107-8050-194BE828937A}.Debug|Any CPU.ActiveCfg = Debug|Any CPU
		{1B9986DA-DF61-4107-8050-194BE828937A}.Debug|Any CPU.Build.0 = Debug|Any CPU
		{1B9986DA-DF61-4107-8050-194BE828937A}.Release|Any CPU.ActiveCfg = Release|Any CPU
		{1B9986DA-DF61-4107-8050-194BE828937A}.Release|Any CPU.Build.0 = Release|Any CPU
	EndGlobalSection
	GlobalSection(SolutionProperties) = preSolution
		HideSolutionNode = FALSE
	EndGlobalSection
	GlobalSection(ExtensibilityGlobals) = postSolution
		SolutionGuid = {F883FF8A-121F-49B6-AD80-B39EC70AF68C}
	EndGlobalSection
EndGlobal
